
Microsoft Visual Studio Solution File, Format Version 12.00
# Visual Studio Version 17
VisualStudioVersion = 17.9.34310.174
MinimumVisualStudioVersion = 10.0.40219.1
Project("{FAE04EC0-301F-11D3-BF4B-00C04F79EFBC}") = "TestTaskDotNET", "TestTaskDotNET.csproj", "{FE468377-10DB-496B-9279-94A23DC94363}"
EndProject
Global
	GlobalSection(SolutionConfigurationPlatforms) = preSolution
		Debug|Any CPU = Debug|Any CPU
		Release|Any CPU = Release|Any CPU
	EndGlobalSection
	GlobalSection(ProjectConfigurationPlatforms) = postSolution
		{FE468377-10DB-496B-9279-94A23DC94363}.Debug|Any CPU.ActiveCfg = Debug|Any CPU
		{FE468377-10DB-496B-9279-94A23DC94363}.Debug|Any CPU.Build.0 = Debug|Any CPU
		{FE468377-10DB-496B-9279-94A23DC94363}.Release|Any CPU.ActiveCfg = Release|Any CPU
		{FE468377-10DB-496B-9279-94A23DC94363}.Release|Any CPU.Build.0 = Release|Any CPU
	EndGlobalSection
	GlobalSection(SolutionProperties) = preSolution
		HideSolutionNode = FALSE
	EndGlobalSection
	GlobalSection(ExtensibilityGlobals) = postSolution
		SolutionGuid = {F8DD301A-1D4C-43A1-9542-144D6776DADA}
	EndGlobalSection
EndGlobal
